
Microsoft Visual Studio Solution File, Format Version 12.00
# Visual Studio 2012
Project("{FAE04EC0-301F-11D3-BF4B-00C04F79EFBC}") = "TGProyectoG", "TGProyectoG\TGProyectoG.csproj", "{ABDD9AA7-C0E8-4064-83C7-2BC487FF8370}"
EndProject
Project("{FAE04EC0-301F-11D3-BF4B-00C04F79EFBC}") = "TGProyectoG.Data", "TGProyectoG.Data\TGProyectoG.Data.csproj", "{1E0A1123-68FB-4A61-A034-3770D3791352}"
EndProject
Project("{FAE04EC0-301F-11D3-BF4B-00C04F79EFBC}") = "TGProyectoG.Dto", "TGProyectoG.Dto\TGProyectoG.Dto.csproj", "{731843A4-E0BB-45CF-955D-0ACE3E6EB409}"
EndProject
Project("{FAE04EC0-301F-11D3-BF4B-00C04F79EFBC}") = "TGProyectoG.Business", "TGProyectoG.Business\TGProyectoG.Business.csproj", "{85EB3BDF-6653-4DC3-9E6A-CE196310BFBC}"
EndProject
Project("{FAE04EC0-301F-11D3-BF4B-00C04F79EFBC}") = "TGProyecto.UnitTest", "TGProyecto.UnitTest\TGProyecto.UnitTest.csproj", "{90BA2F26-F35E-4BAF-9B8A-0E6ABE0B5747}"
EndProject
Global
	GlobalSection(SolutionConfigurationPlatforms) = preSolution
		Debug|Any CPU = Debug|Any CPU
		Release|Any CPU = Release|Any CPU
	EndGlobalSection
	GlobalSection(ProjectConfigurationPlatforms) = postSolution
		{ABDD9AA7-C0E8-4064-83C7-2BC487FF8370}.Debug|Any CPU.ActiveCfg = Debug|Any CPU
		{ABDD9AA7-C0E8-4064-83C7-2BC487FF8370}.Debug|Any CPU.Build.0 = Debug|Any CPU
		{ABDD9AA7-C0E8-4064-83C7-2BC487FF8370}.Release|Any CPU.ActiveCfg = Release|Any CPU
		{ABDD9AA7-C0E8-4064-83C7-2BC487FF8370}.Release|Any CPU.Build.0 = Release|Any CPU
		{1E0A1123-68FB-4A61-A034-3770D3791352}.Debug|Any CPU.ActiveCfg = Debug|Any CPU
		{1E0A1123-68FB-4A61-A034-3770D3791352}.Debug|Any CPU.Build.0 = Debug|Any CPU
		{1E0A1123-68FB-4A61-A034-3770D3791352}.Release|Any CPU.ActiveCfg = Release|Any CPU
		{1E0A1123-68FB-4A61-A034-3770D3791352}.Release|Any CPU.Build.0 = Release|Any CPU
		{731843A4-E0BB-45CF-955D-0ACE3E6EB409}.Debug|Any CPU.ActiveCfg = Debug|Any CPU
		{731843A4-E0BB-45CF-955D-0ACE3E6EB409}.Debug|Any CPU.Build.0 = Debug|Any CPU
		{731843A4-E0BB-45CF-955D-0ACE3E6EB409}.Release|Any CPU.ActiveCfg = Release|Any CPU
		{731843A4-E0BB-45CF-955D-0ACE3E6EB409}.Release|Any CPU.Build.0 = Release|Any CPU
		{85EB3BDF-6653-4DC3-9E6A-CE196310BFBC}.Debug|Any CPU.ActiveCfg = Debug|Any CPU
		{85EB3BDF-6653-4DC3-9E6A-CE196310BFBC}.Debug|Any CPU.Build.0 = Debug|Any CPU
		{85EB3BDF-6653-4DC3-9E6A-CE196310BFBC}.Release|Any CPU.ActiveCfg = Release|Any CPU
		{85EB3BDF-6653-4DC3-9E6A-CE196310BFBC}.Release|Any CPU.Build.0 = Release|Any CPU
		{90BA2F26-F35E-4BAF-9B8A-0E6ABE0B5747}.Debug|Any CPU.ActiveCfg = Debug|Any CPU
		{90BA2F26-F35E-4BAF-9B8A-0E6ABE0B5747}.Debug|Any CPU.Build.0 = Debug|Any CPU
		{90BA2F26-F35E-4BAF-9B8A-0E6ABE0B5747}.Release|Any CPU.ActiveCfg = Release|Any CPU
		{90BA2F26-F35E-4BAF-9B8A-0E6ABE0B5747}.Release|Any CPU.Build.0 = Release|Any CPU
	EndGlobalSection
	GlobalSection(SolutionProperties) = preSolution
		HideSolutionNode = FALSE
	EndGlobalSection
EndGlobal
